// !$*UTF8*$!
{
	archiveVersion = 1;
	classes = {
	};
	objectVersion = 46;
	objects = {

/* Begin PBXBuildFile section */
		FEC1ABB61EAE57B800887A58 /* AppDelegate.swift in Sources */ = {isa = PBXBuildFile; fileRef = FEC1ABB51EAE57B800887A58 /* AppDelegate.swift */; };
		FEC1ABB81EAE57B800887A58 /* ViewController.swift in Sources */ = {isa = PBXBuildFile; fileRef = FEC1ABB71EAE57B800887A58 /* ViewController.swift */; };
		FEC1ABBB1EAE57B800887A58 /* Main.storyboard in Resources */ = {isa = PBXBuildFile; fileRef = FEC1ABB91EAE57B800887A58 /* Main.storyboard */; };
		FEC1ABBE1EAE57B800887A58 /* iMedicine.xcdatamodeld in Sources */ = {isa = PBXBuildFile; fileRef = FEC1ABBC1EAE57B800887A58 /* iMedicine.xcdatamodeld */; };
		FEC1ABC01EAE57B800887A58 /* Assets.xcassets in Resources */ = {isa = PBXBuildFile; fileRef = FEC1ABBF1EAE57B800887A58 /* Assets.xcassets */; };
		FEC1ABC31EAE57B800887A58 /* LaunchScreen.storyboard in Resources */ = {isa = PBXBuildFile; fileRef = FEC1ABC11EAE57B800887A58 /* LaunchScreen.storyboard */; };
/* End PBXBuildFile section */

/* Begin PBXFileReference section */
		FEC1ABB21EAE57B800887A58 /* iMedicine.app */ = {isa = PBXFileReference; explicitFileType = wrapper.application; includeInIndex = 0; path = iMedicine.app; sourceTree = BUILT_PRODUCTS_DIR; };
		FEC1ABB51EAE57B800887A58 /* AppDelegate.swift */ = {isa = PBXFileReference; lastKnownFileType = sourcecode.swift; path = AppDelegate.swift; sourceTree = "<group>"; };
		FEC1ABB71EAE57B800887A58 /* ViewController.swift */ = {isa = PBXFileReference; lastKnownFileType = sourcecode.swift; path = ViewController.swift; sourceTree = "<group>"; };
		FEC1ABBA1EAE57B800887A58 /* Base */ = {isa = PBXFileReference; lastKnownFileType = file.storyboard; name = Base; path = Base.lproj/Main.storyboard; sourceTree = "<group>"; };
		FEC1ABBD1EAE57B800887A58 /* iMedicine.xcdatamodel */ = {isa = PBXFileReference; lastKnownFileType = wrapper.xcdatamodel; path = iMedicine.xcdatamodel; sourceTree = "<group>"; };
		FEC1ABBF1EAE57B800887A58 /* Assets.xcassets */ = {isa = PBXFileReference; lastKnownFileType = folder.assetcatalog; path = Assets.xcassets; sourceTree = "<group>"; };
		FEC1ABC21EAE57B800887A58 /* Base */ = {isa = PBXFileReference; lastKnownFileType = file.storyboard; name = Base; path = Base.lproj/LaunchScreen.storyboard; sourceTree = "<group>"; };
		FEC1ABC41EAE57B800887A58 /* Info.plist */ = {isa = PBXFileReference; lastKnownFileType = text.plist.xml; path = Info.plist; sourceTree = "<group>"; };
/* End PBXFileReference section */

/* Begin PBXFrameworksBuildPhase section */
		FEC1ABAF1EAE57B800887A58 /* Frameworks */ = {
			isa = PBXFrameworksBuildPhase;
			buildActionMask = 2147483647;
			files = (
			);
			runOnlyForDeploymentPostprocessing = 0;
		};
/* End PBXFrameworksBuildPhase section */

/* Begin PBXGroup section */
		FEC1ABA91EAE57B800887A58 = {
			isa = PBXGroup;
			children = (
				FEC1ABB41EAE57B800887A58 /* iMedicine */,
				FEC1ABB31EAE57B800887A58 /* Products */,
			);
			sourceTree = "<group>";
		};
		FEC1ABB31EAE57B800887A58 /* Products */ = {
			isa = PBXGroup;
			children = (
				FEC1ABB21EAE57B800887A58 /* iMedicine.app */,
			);
			name = Products;
			sourceTree = "<group>";
		};
		FEC1ABB41EAE57B800887A58 /* iMedicine */ = {
			isa = PBXGroup;
			children = (
				FEC1ABB51EAE57B800887A58 /* AppDelegate.swift */,
				FEC1ABB71EAE57B800887A58 /* ViewController.swift */,
				FEC1ABB91EAE57B800887A58 /* Main.storyboard */,
				FEC1ABBF1EAE57B800887A58 /* Assets.xcassets */,
				FEC1ABC11EAE57B800887A58 /* LaunchScreen.storyboard */,
				FEC1ABC41EAE57B800887A58 /* Info.plist */,
				FEC1ABBC1EAE57B800887A58 /* iMedicine.xcdatamodeld */,
			);
			path = iMedicine;
			sourceTree = "<group>";
		};
/* End PBXGroup section */

/* Begin PBXNativeTarget section */
		FEC1ABB11EAE57B800887A58 /* iMedicine */ = {
			isa = PBXNativeTarget;
			buildConfigurationList = FEC1ABC71EAE57B800887A58 /* Build configuration list for PBXNativeTarget "iMedicine" */;
			buildPhases = (
				FEC1ABAE1EAE57B800887A58 /* Sources */,
				FEC1ABAF1EAE57B800887A58 /* Frameworks */,
				FEC1ABB01EAE57B800887A58 /* Resources */,
			);
			buildRules = (
			);
			dependencies = (
			);
			name = iMedicine;
			productName = iMedicine;
			productReference = FEC1ABB21EAE57B800887A58 /* iMedicine.app */;
			productType = "com.apple.product-type.application";
		};
/* End PBXNativeTarget section */

/* Begin PBXProject section */
		FEC1ABAA1EAE57B800887A58 /* Project object */ = {
			isa = PBXProject;
			attributes = {
				LastSwiftUpdateCheck = 0730;
				LastUpgradeCheck = 0730;
				ORGANIZATIONNAME = "Иван Базаров";
				TargetAttributes = {
					FEC1ABB11EAE57B800887A58 = {
						CreatedOnToolsVersion = 7.3.1;
					};
				};
			};
			buildConfigurationList = FEC1ABAD1EAE57B800887A58 /* Build configuration list for PBXProject "iMedicine" */;
			compatibilityVersion = "Xcode 3.2";
			developmentRegion = English;
			hasScannedForEncodings = 0;
			knownRegions = (
				en,
				Base,
			);
			mainGroup = FEC1ABA91EAE57B800887A58;
			productRefGroup = FEC1ABB31EAE57B800887A58 /* Products */;
			projectDirPath = "";
			projectRoot = "";
			targets = (
				FEC1ABB11EAE57B800887A58 /* iMedicine */,
			);
		};
/* End PBXProject section */

/* Begin PBXResourcesBuildPhase section */
		FEC1ABB01EAE57B800887A58 /* Resources */ = {
			isa = PBXResourcesBuildPhase;
			buildActionMask = 2147483647;
			files = (
				FEC1ABC31EAE57B800887A58 /* LaunchScreen.storyboard in Resources */,
				FEC1ABC01EAE57B800887A58 /* Assets.xcassets in Resources */,
				FEC1ABBB1EAE57B800887A58 /* Main.storyboard in Resources */,
			);
			runOnlyForDeploymentPostprocessing = 0;
		};
/* End PBXResourcesBuildPhase section */

/* Begin PBXSourcesBuildPhase section */
		FEC1ABAE1EAE57B800887A58 /* Sources */ = {
			isa = PBXSourcesBuildPhase;
			buildActionMask = 2147483647;
			files = (
				FEC1ABB81EAE57B800887A58 /* ViewController.swift in Sources */,
				FEC1ABB61EAE57B800887A58 /* AppDelegate.swift in Sources */,
				FEC1ABBE1EAE57B800887A58 /* iMedicine.xcdatamodeld in Sources */,
			);
			runOnlyForDeploymentPostprocessing = 0;
		};
/* End PBXSourcesBuildPhase section */

/* Begin PBXVariantGroup section */
		FEC1ABB91EAE57B800887A58 /* Main.storyboard */ = {
			isa = PBXVariantGroup;
			children = (
				FEC1ABBA1EAE57B800887A58 /* Base */,
			);
			name = Main.storyboard;
			sourceTree = "<group>";
		};
		FEC1ABC11EAE57B800887A58 /* LaunchScreen.storyboard */ = {
			isa = PBXVariantGroup;
			children = (
				FEC1ABC21EAE57B800887A58 /* Base */,
			);
			name = LaunchScreen.storyboard;
			sourceTree = "<group>";
		};
/* End PBXVariantGroup section */

/* Begin XCBuildConfiguration section */
		FEC1ABC51EAE57B800887A58 /* Debug */ = {
			isa = XCBuildConfiguration;
			buildSettings = {
				ALWAYS_SEARCH_USER_PATHS = NO;
				CLANG_ANALYZER_NONNULL = YES;
				CLANG_CXX_LANGUAGE_STANDARD = "gnu++0x";
				CLANG_CXX_LIBRARY = "libc++";
				CLANG_ENABLE_MODULES = YES;
				CLANG_ENABLE_OBJC_ARC = YES;
				CLANG_WARN_BOOL_CONVERSION = YES;
				CLANG_WARN_CONSTANT_CONVERSION = YES;
				CLANG_WARN_DIRECT_OBJC_ISA_USAGE = YES_ERROR;
				CLANG_WARN_EMPTY_BODY = YES;
				CLANG_WARN_ENUM_CONVERSION = YES;
				CLANG_WARN_INT_CONVERSION = YES;
				CLANG_WARN_OBJC_ROOT_CLASS = YES_ERROR;
				CLANG_WARN_UNREACHABLE_CODE = YES;
				CLANG_WARN__DUPLICATE_METHOD_MATCH = YES;
				"CODE_SIGN_IDENTITY[sdk=iphoneos*]" = "iPhone Developer";
				COPY_PHASE_STRIP = NO;
				DEBUG_INFORMATION_FORMAT = dwarf;
				ENABLE_STRICT_OBJC_MSGSEND = YES;
				ENABLE_TESTABILITY = YES;
				GCC_C_LANGUAGE_STANDARD = gnu99;
				GCC_DYNAMIC_NO_PIC = NO;
				GCC_NO_COMMON_BLOCKS = YES;
				GCC_OPTIMIZATION_LEVEL = 0;
				GCC_PREPROCESSOR_DEFINITIONS = (
					"DEBUG=1",
					"$(inherited)",
				);
				GCC_WARN_64_TO_32_BIT_CONVERSION = YES;
				GCC_WARN_ABOUT_RETURN_TYPE = YES_ERROR;
				GCC_WARN_UNDECLARED_SELECTOR = YES;
				GCC_WARN_UNINITIALIZED_AUTOS = YES_AGGRESSIVE;
				GCC_WARN_UNUSED_FUNCTION = YES;
				GCC_WARN_UNUSED_VARIABLE = YES;
				IPHONEOS_DEPLOYMENT_TARGET = 9.3;
				MTL_ENABLE_DEBUG_INFO = YES;
				ONLY_ACTIVE_ARCH = YES;
				SDKROOT = iphoneos;
				SWIFT_OPTIMIZATION_LEVEL = "-Onone";
				TARGETED_DEVICE_FAMILY = "1,2";
			};
			name = Debug;
		};
		FEC1ABC61EAE57B800887A58 /* Release */ = {
			isa = XCBuildConfiguration;
			buildSettings = {
				ALWAYS_SEARCH_USER_PATHS = NO;
				CLANG_ANALYZER_NONNULL = YES;
				CLANG_CXX_LANGUAGE_STANDARD = "gnu++0x";
				CLANG_CXX_LIBRARY = "libc++";
				CLANG_ENABLE_MODULES = YES;
				CLANG_ENABLE_OBJC_ARC = YES;
				CLANG_WARN_BOOL_CONVERSION = YES;
				CLANG_WARN_CONSTANT_CONVERSION = YES;
				CLANG_WARN_DIRECT_OBJC_ISA_USAGE = YES_ERROR;
				CLANG_WARN_EMPTY_BODY = YES;
				CLANG_WARN_ENUM_CONVERSION = YES;
				CLANG_WARN_INT_CONVERSION = YES;
				CLANG_WARN_OBJC_ROOT_CLASS = YES_ERROR;
				CLANG_WARN_UNREACHABLE_CODE = YES;
				CLANG_WARN__DUPLICATE_METHOD_MATCH = YES;
				"CODE_SIGN_IDENTITY[sdk=iphoneos*]" = "iPhone Developer";
				COPY_PHASE_STRIP = NO;
				DEBUG_INFORMATION_FORMAT = "dwarf-with-dsym";
				ENABLE_NS_ASSERTIONS = NO;
				ENABLE_STRICT_OBJC_MSGSEND = YES;
				GCC_C_LANGUAGE_STANDARD = gnu99;
				GCC_NO_COMMON_BLOCKS = YES;
				GCC_WARN_64_TO_32_BIT_CONVERSION = YES;
				GCC_WARN_ABOUT_RETURN_TYPE = YES_ERROR;
				GCC_WARN_UNDECLARED_SELECTOR = YES;
				GCC_WARN_UNINITIALIZED_AUTOS = YES_AGGRESSIVE;
				GCC_WARN_UNUSED_FUNCTION = YES;
				GCC_WARN_UNUSED_VARIABLE = YES;
				IPHONEOS_DEPLOYMENT_TARGET = 9.3;
				MTL_ENABLE_DEBUG_INFO = NO;
				SDKROOT = iphoneos;
				TARGETED_DEVICE_FAMILY = "1,2";
				VALIDATE_PRODUCT = YES;
			};
			name = Release;
		};
		FEC1ABC81EAE57B800887A58 /* Debug */ = {
			isa = XCBuildConfiguration;
			buildSettings = {
				ASSETCATALOG_COMPILER_APPICON_NAME = AppIcon;
				INFOPLIST_FILE = iMedicine/Info.plist;
				LD_RUNPATH_SEARCH_PATHS = "$(inherited) @executable_path/Frameworks";
				PRODUCT_BUNDLE_IDENTIFIER = elektro.iMedicine;
				PRODUCT_NAME = "$(TARGET_NAME)";
			};
			name = Debug;
		};
		FEC1ABC91EAE57B800887A58 /* Release */ = {
			isa = XCBuildConfiguration;
			buildSettings = {
				ASSETCATALOG_COMPILER_APPICON_NAME = AppIcon;
				INFOPLIST_FILE = iMedicine/Info.plist;
				LD_RUNPATH_SEARCH_PATHS = "$(inherited) @executable_path/Frameworks";
				PRODUCT_BUNDLE_IDENTIFIER = elektro.iMedicine;
				PRODUCT_NAME = "$(TARGET_NAME)";
			};
			name = Release;
		};
/* End XCBuildConfiguration section */

/* Begin XCConfigurationList section */
		FEC1ABAD1EAE57B800887A58 /* Build configuration list for PBXProject "iMedicine" */ = {
			isa = XCConfigurationList;
			buildConfigurations = (
				FEC1ABC51EAE57B800887A58 /* Debug */,
				FEC1ABC61EAE57B800887A58 /* Release */,
			);
			defaultConfigurationIsVisible = 0;
			defaultConfigurationName = Release;
		};
		FEC1ABC71EAE57B800887A58 /* Build configuration list for PBXNativeTarget "iMedicine" */ = {
			isa = XCConfigurationList;
			buildConfigurations = (
				FEC1ABC81EAE57B800887A58 /* Debug */,
				FEC1ABC91EAE57B800887A58 /* Release */,
			);
			defaultConfigurationIsVisible = 0;
		};
/* End XCConfigurationList section */

/* Begin XCVersionGroup section */
		FEC1ABBC1EAE57B800887A58 /* iMedicine.xcdatamodeld */ = {
			isa = XCVersionGroup;
			children = (
				FEC1ABBD1EAE57B800887A58 /* iMedicine.xcdatamodel */,
			);
			currentVersion = FEC1ABBD1EAE57B800887A58 /* iMedicine.xcdatamodel */;
			path = iMedicine.xcdatamodeld;
			sourceTree = "<group>";
			versionGroupType = wrapper.xcdatamodel;
		};
/* End XCVersionGroup section */
	};
	rootObject = FEC1ABAA1EAE57B800887A58 /* Project object */;
}
